
Microsoft Visual Studio Solution File, Format Version 12.00
# Visual Studio Version 16
VisualStudioVersion = 16.0.28803.202
MinimumVisualStudioVersion = 10.0.40219.1
Project("{FAE04EC0-301F-11D3-BF4B-00C04F79EFBC}") = "Xamarin_WeatherApp.Android", "Xamarin_WeatherApp\Xamarin_WeatherApp.Android\Xamarin_WeatherApp.Android.csproj", "{E6D0A6B5-79A0-49FE-A9EE-BBDE644D3C30}"
EndProject
Project("{FAE04EC0-301F-11D3-BF4B-00C04F79EFBC}") = "Xamarin_WeatherApp", "Xamarin_WeatherApp\Xamarin_WeatherApp\Xamarin_WeatherApp.csproj", "{110AC96A-5B07-4D56-BF15-F82AF6E79E85}"
EndProject
Global
	GlobalSection(SolutionConfigurationPlatforms) = preSolution
		Debug|Any CPU = Debug|Any CPU
		Release|Any CPU = Release|Any CPU
	EndGlobalSection
	GlobalSection(ProjectConfigurationPlatforms) = postSolution
		{E6D0A6B5-79A0-49FE-A9EE-BBDE644D3C30}.Debug|Any CPU.ActiveCfg = Debug|Any CPU
		{E6D0A6B5-79A0-49FE-A9EE-BBDE644D3C30}.Debug|Any CPU.Build.0 = Debug|Any CPU
		{E6D0A6B5-79A0-49FE-A9EE-BBDE644D3C30}.Debug|Any CPU.Deploy.0 = Debug|Any CPU
		{E6D0A6B5-79A0-49FE-A9EE-BBDE644D3C30}.Release|Any CPU.ActiveCfg = Release|Any CPU
		{E6D0A6B5-79A0-49FE-A9EE-BBDE644D3C30}.Release|Any CPU.Build.0 = Release|Any CPU
		{E6D0A6B5-79A0-49FE-A9EE-BBDE644D3C30}.Release|Any CPU.Deploy.0 = Release|Any CPU
		{110AC96A-5B07-4D56-BF15-F82AF6E79E85}.Debug|Any CPU.ActiveCfg = Debug|Any CPU
		{110AC96A-5B07-4D56-BF15-F82AF6E79E85}.Debug|Any CPU.Build.0 = Debug|Any CPU
		{110AC96A-5B07-4D56-BF15-F82AF6E79E85}.Debug|Any CPU.Deploy.0 = Debug|Any CPU
		{110AC96A-5B07-4D56-BF15-F82AF6E79E85}.Release|Any CPU.ActiveCfg = Release|Any CPU
		{110AC96A-5B07-4D56-BF15-F82AF6E79E85}.Release|Any CPU.Build.0 = Release|Any CPU
		{110AC96A-5B07-4D56-BF15-F82AF6E79E85}.Release|Any CPU.Deploy.0 = Release|Any CPU
	EndGlobalSection
	GlobalSection(SolutionProperties) = preSolution
		HideSolutionNode = FALSE
	EndGlobalSection
	GlobalSection(ExtensibilityGlobals) = postSolution
		SolutionGuid = {112849BE-A2E6-478E-B598-40DE8D6FCCD4}
	EndGlobalSection
EndGlobal
